
Microsoft Visual Studio Solution File, Format Version 12.00
# Visual Studio Version 16
VisualStudioVersion = 16.0.31321.278
MinimumVisualStudioVersion = 10.0.40219.1
Project("{FAE04EC0-301F-11D3-BF4B-00C04F79EFBC}") = "ComerciarAxiesBackend", "ComerciarAxiesBackend\ComerciarAxiesBackend.csproj", "{6CCBC028-7EAE-4E1A-B9B0-25C62A0BD64B}"
EndProject
Global
	GlobalSection(SolutionConfigurationPlatforms) = preSolution
		Debug|Any CPU = Debug|Any CPU
		Release|Any CPU = Release|Any CPU
	EndGlobalSection
	GlobalSection(ProjectConfigurationPlatforms) = postSolution
		{6CCBC028-7EAE-4E1A-B9B0-25C62A0BD64B}.Debug|Any CPU.ActiveCfg = Debug|Any CPU
		{6CCBC028-7EAE-4E1A-B9B0-25C62A0BD64B}.Debug|Any CPU.Build.0 = Debug|Any CPU
		{6CCBC028-7EAE-4E1A-B9B0-25C62A0BD64B}.Release|Any CPU.ActiveCfg = Release|Any CPU
		{6CCBC028-7EAE-4E1A-B9B0-25C62A0BD64B}.Release|Any CPU.Build.0 = Release|Any CPU
	EndGlobalSection
	GlobalSection(SolutionProperties) = preSolution
		HideSolutionNode = FALSE
	EndGlobalSection
	GlobalSection(ExtensibilityGlobals) = postSolution
		SolutionGuid = {9B2EDF76-74CA-425B-955B-036097BC49B6}
	EndGlobalSection
EndGlobal
